# @generated - this file is auto-generated by `mise lock` https://mise.en.dev/dev-tools/mise-lock.html

[[tools.bat]]
version = "0.26.1"
backend = "aqua:sharkdp/bat"

[tools.bat."platforms.linux-arm64"]
checksum = "sha256:6369242c584065f195fb20cb36fbd7cb63ae690605bbe89868a7596b596c2c23"
url = "https://github.com/sharkdp/bat/releases/download/v0.26.1/bat-v0.26.1-aarch64-unknown-linux-musl.tar.gz"

[tools.bat."platforms.linux-arm64-musl"]
checksum = "sha256:6369242c584065f195fb20cb36fbd7cb63ae690605bbe89868a7596b596c2c23"
url = "https://github.com/sharkdp/bat/releases/download/v0.26.1/bat-v0.26.1-aarch64-unknown-linux-musl.tar.gz"

[tools.bat."platforms.linux-x64"]
checksum = "sha256:0dcd8ac79732c0d5b136f11f4ee00e581440e16a44eab5b3105b611bbf2cf191"
url = "https://github.com/sharkdp/bat/releases/download/v0.26.1/bat-v0.26.1-x86_64-unknown-linux-musl.tar.gz"

[tools.bat."platforms.linux-x64-musl"]
checksum = "sha256:0dcd8ac79732c0d5b136f11f4ee00e581440e16a44eab5b3105b611bbf2cf191"
url = "https://github.com/sharkdp/bat/releases/download/v0.26.1/bat-v0.26.1-x86_64-unknown-linux-musl.tar.gz"

[tools.bat."platforms.macos-arm64"]
checksum = "sha256:e30beff26779c9bf60bb541e1d79046250cb74378f2757f8eb250afddb19e114"
url = "https://github.com/sharkdp/bat/releases/download/v0.26.1/bat-v0.26.1-aarch64-apple-darwin.tar.gz"

[tools.bat."platforms.macos-x64"]
checksum = "sha256:830d63b0bba1fa040542ec569e3cf77f60d3356b9de75116a344b061e0894245"
url = "https://github.com/sharkdp/bat/releases/download/v0.26.1/bat-v0.26.1-x86_64-apple-darwin.tar.gz"

[tools.bat."platforms.windows-x64"]
checksum = "sha256:0f729b4b6f5f28d395c641eacc2e9ff68d0096b85aa0eec344aa62425144b69b"
url = "https://github.com/sharkdp/bat/releases/download/v0.26.1/bat-v0.26.1-x86_64-pc-windows-msvc.zip"

[[tools."cargo:mermaid-rs-renderer"]]
version = "0.2.2"
backend = "cargo:mermaid-rs-renderer"

[[tools.dive]]
version = "0.13.1"
backend = "aqua:wagoodman/dive"

[tools.dive."platforms.linux-arm64"]
checksum = "sha256:2fcd2cf20f634ccdb41efac44048b204bfc867c115641f37a7420693ed480a18"
url = "https://github.com/wagoodman/dive/releases/download/v0.13.1/dive_0.13.1_linux_arm64.tar.gz"

[tools.dive."platforms.linux-arm64-musl"]
checksum = "sha256:2fcd2cf20f634ccdb41efac44048b204bfc867c115641f37a7420693ed480a18"
url = "https://github.com/wagoodman/dive/releases/download/v0.13.1/dive_0.13.1_linux_arm64.tar.gz"

[tools.dive."platforms.linux-x64"]
checksum = "sha256:0970549eb4a306f8825a84145a2534153badb4d7dcf3febd1967c706367c3d0e"
url = "https://github.com/wagoodman/dive/releases/download/v0.13.1/dive_0.13.1_linux_amd64.tar.gz"

[tools.dive."platforms.linux-x64-musl"]
checksum = "sha256:0970549eb4a306f8825a84145a2534153badb4d7dcf3febd1967c706367c3d0e"
url = "https://github.com/wagoodman/dive/releases/download/v0.13.1/dive_0.13.1_linux_amd64.tar.gz"

[tools.dive."platforms.macos-arm64"]
checksum = "sha256:38b7fa95a13e7f4d0b3060c875fe7427c2a0613ecff674bb45156eb34bca0b09"
url = "https://github.com/wagoodman/dive/releases/download/v0.13.1/dive_0.13.1_darwin_arm64.tar.gz"

[tools.dive."platforms.macos-x64"]
checksum = "sha256:04e4c1bac21be3aef99799cf0e470149a072ea4786be50718aa846cd13746523"
url = "https://github.com/wagoodman/dive/releases/download/v0.13.1/dive_0.13.1_darwin_amd64.tar.gz"

[tools.dive."platforms.windows-x64"]
checksum = "sha256:3e764ff28c7b89f4da679deac80483249fbbae3a1d512c103d54609eec09086a"
url = "https://github.com/wagoodman/dive/releases/download/v0.13.1/dive_0.13.1_windows_amd64.zip"

[[tools.duf]]
version = "0.9.1"
backend = "aqua:muesli/duf"

[tools.duf."platforms.linux-arm64"]
checksum = "sha256:22ea0ad29f6610bf443aa351e600de97e47a9b380ef58316606a84bb8f595216"
url = "https://github.com/muesli/duf/releases/download/v0.9.1/duf_0.9.1_linux_arm64.tar.gz"

[tools.duf."platforms.linux-arm64-musl"]
checksum = "sha256:22ea0ad29f6610bf443aa351e600de97e47a9b380ef58316606a84bb8f595216"
url = "https://github.com/muesli/duf/releases/download/v0.9.1/duf_0.9.1_linux_arm64.tar.gz"

[tools.duf."platforms.linux-x64"]
checksum = "sha256:5add851e7062c5e56939abb664705e4d14fa2d06289490aff31d51f153832de7"
url = "https://github.com/muesli/duf/releases/download/v0.9.1/duf_0.9.1_linux_x86_64.tar.gz"

[tools.duf."platforms.linux-x64-musl"]
checksum = "sha256:5add851e7062c5e56939abb664705e4d14fa2d06289490aff31d51f153832de7"
url = "https://github.com/muesli/duf/releases/download/v0.9.1/duf_0.9.1_linux_x86_64.tar.gz"

[tools.duf."platforms.macos-arm64"]
checksum = "sha256:512ba0ff3585bb8c65841de557a4c4b8712332db005dc952fa98d373a05d01df"
url = "https://github.com/muesli/duf/releases/download/v0.9.1/duf_0.9.1_darwin_arm64.tar.gz"

[tools.duf."platforms.macos-x64"]
checksum = "sha256:e3384519b0055c904b7352b55cd81bd101f5dd94dab1195a72880bddca7c2aaf"
url = "https://github.com/muesli/duf/releases/download/v0.9.1/duf_0.9.1_darwin_x86_64.tar.gz"

[tools.duf."platforms.windows-x64"]
checksum = "sha256:503934be81f847d9ddb1b739834217480633435ad16515dd199e372c0b2e1afc"
url = "https://github.com/muesli/duf/releases/download/v0.9.1/duf_0.9.1_windows_x86_64.zip"

[[tools.eza]]
version = "0.23.4"
backend = "aqua:eza-community/eza"

[tools.eza."platforms.linux-arm64"]
checksum = "sha256:366e8430225f9955c3dc659b452150c169894833ccfef455e01765e265a3edda"
url = "https://github.com/eza-community/eza/releases/download/v0.23.4/eza_aarch64-unknown-linux-gnu.tar.gz"

[tools.eza."platforms.linux-x64"]
checksum = "sha256:d231bb3ee33b08c76279b5888845dceb7034d055c42bb9be46dbe0dae39394df"
url = "https://github.com/eza-community/eza/releases/download/v0.23.4/eza_x86_64-unknown-linux-musl.tar.gz"

[tools.eza."platforms.linux-x64-musl"]
checksum = "sha256:d231bb3ee33b08c76279b5888845dceb7034d055c42bb9be46dbe0dae39394df"
url = "https://github.com/eza-community/eza/releases/download/v0.23.4/eza_x86_64-unknown-linux-musl.tar.gz"

[tools.eza."platforms.windows-x64"]
checksum = "sha256:4d4f87f6bc8e6ee176789c28bee698234ce0275da013709eb16b0f14819c1688"
url = "https://github.com/eza-community/eza/releases/download/v0.23.4/eza.exe_x86_64-pc-windows-gnu.tar.gz"

[[tools.fd]]
version = "10.4.2"
backend = "aqua:sharkdp/fd"

[tools.fd."platforms.linux-arm64"]
checksum = "sha256:f32d3657473fba74e2600babc8db0b93420d51169223b7e8143b2ed55d8fd9e8"
url = "https://github.com/sharkdp/fd/releases/download/v10.4.2/fd-v10.4.2-aarch64-unknown-linux-musl.tar.gz"

[tools.fd."platforms.linux-arm64-musl"]
checksum = "sha256:f32d3657473fba74e2600babc8db0b93420d51169223b7e8143b2ed55d8fd9e8"
url = "https://github.com/sharkdp/fd/releases/download/v10.4.2/fd-v10.4.2-aarch64-unknown-linux-musl.tar.gz"

[tools.fd."platforms.linux-x64"]
checksum = "sha256:e3257d48e29a6be965187dbd24ce9af564e0fe67b3e73c9bdcd180f4ec11bdde"
url = "https://github.com/sharkdp/fd/releases/download/v10.4.2/fd-v10.4.2-x86_64-unknown-linux-musl.tar.gz"

[tools.fd."platforms.linux-x64-musl"]
checksum = "sha256:e3257d48e29a6be965187dbd24ce9af564e0fe67b3e73c9bdcd180f4ec11bdde"
url = "https://github.com/sharkdp/fd/releases/download/v10.4.2/fd-v10.4.2-x86_64-unknown-linux-musl.tar.gz"

[tools.fd."platforms.macos-arm64"]
checksum = "sha256:623dc0afc81b92e4d4606b380d7bc91916ba7b97814263e554d50923a39e480a"
url = "https://github.com/sharkdp/fd/releases/download/v10.4.2/fd-v10.4.2-aarch64-apple-darwin.tar.gz"

[tools.fd."platforms.windows-x64"]
checksum = "sha256:b2816e506390a89941c63c9187d58a3cc10e9a55f2ef0685f9ea0eccaf7c98c8"
url = "https://github.com/sharkdp/fd/releases/download/v10.4.2/fd-v10.4.2-x86_64-pc-windows-msvc.zip"

[[tools.fzf]]
version = "0.73.1"
backend = "aqua:junegunn/fzf"

[tools.fzf."platforms.linux-arm64"]
checksum = "sha256:a408b0b6c08d486307b8f1554f967b8b50ee1b3ea8b4035e3161bab31fdfc28d"
url = "https://github.com/junegunn/fzf/releases/download/v0.73.1/fzf-0.73.1-linux_arm64.tar.gz"

[tools.fzf."platforms.linux-arm64-musl"]
checksum = "sha256:a408b0b6c08d486307b8f1554f967b8b50ee1b3ea8b4035e3161bab31fdfc28d"
url = "https://github.com/junegunn/fzf/releases/download/v0.73.1/fzf-0.73.1-linux_arm64.tar.gz"

[tools.fzf."platforms.linux-x64"]
checksum = "sha256:f3252c2c366bc1700d3c85781ec8c9695998927ac127870eb049ceea2d540f8a"
url = "https://github.com/junegunn/fzf/releases/download/v0.73.1/fzf-0.73.1-linux_amd64.tar.gz"

[tools.fzf."platforms.linux-x64-musl"]
checksum = "sha256:f3252c2c366bc1700d3c85781ec8c9695998927ac127870eb049ceea2d540f8a"
url = "https://github.com/junegunn/fzf/releases/download/v0.73.1/fzf-0.73.1-linux_amd64.tar.gz"

[tools.fzf."platforms.macos-arm64"]
checksum = "sha256:d27fd68c04fb9b42f7c73a3f7d38069a74d308e40174f64a072c747213e97286"
url = "https://github.com/junegunn/fzf/releases/download/v0.73.1/fzf-0.73.1-darwin_arm64.tar.gz"

[tools.fzf."platforms.macos-x64"]
checksum = "sha256:75bbf15248d1cf0a13eafc75b8a55f5075c437e2ba6d76899afc53f4f3e1b38c"
url = "https://github.com/junegunn/fzf/releases/download/v0.73.1/fzf-0.73.1-darwin_amd64.tar.gz"

[tools.fzf."platforms.windows-x64"]
checksum = "sha256:521a974dc32e93404265e55bffaf71a59e05e80abdf8ca4afb21a6030dc76f5f"
url = "https://github.com/junegunn/fzf/releases/download/v0.73.1/fzf-0.73.1-windows_amd64.zip"

[[tools.gh]]
version = "2.93.0"
backend = "aqua:cli/cli"

[tools.gh."platforms.linux-arm64"]
checksum = "sha256:c55feb33684abba57e9909737340d5b39282257c0363e1edde6785ac4a413be7"
url = "https://github.com/cli/cli/releases/download/v2.93.0/gh_2.93.0_linux_arm64.tar.gz"
provenance = "github-attestations"

[tools.gh."platforms.linux-arm64-musl"]
checksum = "sha256:c55feb33684abba57e9909737340d5b39282257c0363e1edde6785ac4a413be7"
url = "https://github.com/cli/cli/releases/download/v2.93.0/gh_2.93.0_linux_arm64.tar.gz"
provenance = "github-attestations"

[tools.gh."platforms.linux-x64"]
checksum = "sha256:02d1290eba130e0b896f3709ffff22e1c75a51475ddb70476a85abc6b5807af0"
url = "https://github.com/cli/cli/releases/download/v2.93.0/gh_2.93.0_linux_amd64.tar.gz"
provenance = "github-attestations"

[tools.gh."platforms.linux-x64-musl"]
checksum = "sha256:02d1290eba130e0b896f3709ffff22e1c75a51475ddb70476a85abc6b5807af0"
url = "https://github.com/cli/cli/releases/download/v2.93.0/gh_2.93.0_linux_amd64.tar.gz"
provenance = "github-attestations"

[tools.gh."platforms.macos-arm64"]
checksum = "sha256:a86be4e0a86c26456cf71177d6572d6f1165cf1679e532b72f7f15918ee51fd2"
url = "https://github.com/cli/cli/releases/download/v2.93.0/gh_2.93.0_macOS_arm64.zip"
provenance = "github-attestations"

[tools.gh."platforms.macos-x64"]
checksum = "sha256:009425b9d175c482037fe25181817fd6b1ea3ae1f51cfae0e18f29f33d3152ac"
url = "https://github.com/cli/cli/releases/download/v2.93.0/gh_2.93.0_macOS_amd64.zip"
provenance = "github-attestations"

[tools.gh."platforms.windows-x64"]
checksum = "sha256:77aa01ed7317295ad550de0ad04f3f276b1ef0e9272e3d002ac28dd99853d211"
url = "https://github.com/cli/cli/releases/download/v2.93.0/gh_2.93.0_windows_amd64.zip"
provenance = "github-attestations"

[[tools.git-cliff]]
version = "2.13.1"
backend = "aqua:orhun/git-cliff"

[tools.git-cliff."platforms.linux-arm64"]
checksum = "sha256:4054c124b926c117f3fa048939bc8be0a954f29f3b6f367627e8cb22c1971882"
url = "https://github.com/orhun/git-cliff/releases/download/v2.13.1/git-cliff-2.13.1-aarch64-unknown-linux-musl.tar.gz"

[tools.git-cliff."platforms.linux-arm64-musl"]
checksum = "sha256:4054c124b926c117f3fa048939bc8be0a954f29f3b6f367627e8cb22c1971882"
url = "https://github.com/orhun/git-cliff/releases/download/v2.13.1/git-cliff-2.13.1-aarch64-unknown-linux-musl.tar.gz"

[tools.git-cliff."platforms.linux-x64"]
checksum = "sha256:200d2535da6d9703f3bcc8a4d159c3b55eacdb01cf2148c55b3eee9dd04d5249"
url = "https://github.com/orhun/git-cliff/releases/download/v2.13.1/git-cliff-2.13.1-x86_64-unknown-linux-musl.tar.gz"

[tools.git-cliff."platforms.linux-x64-musl"]
checksum = "sha256:200d2535da6d9703f3bcc8a4d159c3b55eacdb01cf2148c55b3eee9dd04d5249"
url = "https://github.com/orhun/git-cliff/releases/download/v2.13.1/git-cliff-2.13.1-x86_64-unknown-linux-musl.tar.gz"

[tools.git-cliff."platforms.macos-arm64"]
checksum = "sha256:21547ae4a0421164070ab75c2522864ea5565858a011fabc5f583061b20f1226"
url = "https://github.com/orhun/git-cliff/releases/download/v2.13.1/git-cliff-2.13.1-aarch64-apple-darwin.tar.gz"

[tools.git-cliff."platforms.macos-x64"]
checksum = "sha256:6e60ae390d375cecb9d8008c49f0e724a8dfe40390b532ef5501e421d2cc8acb"
url = "https://github.com/orhun/git-cliff/releases/download/v2.13.1/git-cliff-2.13.1-x86_64-apple-darwin.tar.gz"

[tools.git-cliff."platforms.windows-x64"]
checksum = "sha256:3ae3a5549e85c7ad5b20192ebcfee4371269deca51255f6f2f2e051c6541f5ca"
url = "https://github.com/orhun/git-cliff/releases/download/v2.13.1/git-cliff-2.13.1-x86_64-pc-windows-msvc.zip"

[[tools."github:calamity-m/fml"]]
version = "0.7.0"
backend = "github:calamity-m/fml"

[tools."github:calamity-m/fml"."platforms.linux-x64"]
checksum = "sha256:fca2c2599d966f9dc814b72ddfc9a17d8546b27f800ef05c893f0e1669b0f0b1"
url = "https://github.com/calamity-m/fml/releases/download/v0.7.0/fml-x86_64-unknown-linux-gnu.tar.gz"
url_api = "https://api.github.com/repos/calamity-m/fml/releases/assets/432972604"

[tools."github:calamity-m/fml"."platforms.linux-x64-musl"]
checksum = "sha256:37fd98f03ef7354e289b94aa595abcae8e4e7fc56c11be08e50f379d5463a25c"
url = "https://github.com/calamity-m/fml/releases/download/v0.7.0/fml-x86_64-unknown-linux-musl.tar.gz"
url_api = "https://api.github.com/repos/calamity-m/fml/releases/assets/432973517"

[[tools."github:calamity-m/peanutbutter"]]
version = "0.18.0"
backend = "github:calamity-m/peanutbutter"

[tools."github:calamity-m/peanutbutter"."platforms.linux-x64"]
checksum = "sha256:7651a5f31f3a4d7854d83c7090ce4eacec91309d9d31d3340121cd74c46d770f"
url = "https://github.com/calamity-m/peanutbutter/releases/download/v0.18.0/peanutbutter-x86_64-unknown-linux-gnu.tar.gz"
url_api = "https://api.github.com/repos/calamity-m/peanutbutter/releases/assets/441736102"

[tools."github:calamity-m/peanutbutter"."platforms.linux-x64-musl"]
checksum = "sha256:fcec5bafe33cac9877332ae991b62b772394a288f4fd246f2993c34d72560c2f"
url = "https://github.com/calamity-m/peanutbutter/releases/download/v0.18.0/peanutbutter-x86_64-unknown-linux-musl.tar.gz"
url_api = "https://api.github.com/repos/calamity-m/peanutbutter/releases/assets/441736103"

[tools."github:calamity-m/peanutbutter"."platforms.windows-x64"]
checksum = "sha256:7c83d0b4fc42d6230073f1ae5fc1226d3f52127b141e8677f38ac5d3e3ac7d70"
url = "https://github.com/calamity-m/peanutbutter/releases/download/v0.18.0/peanutbutter-x86_64-pc-windows-msvc.zip"
url_api = "https://api.github.com/repos/calamity-m/peanutbutter/releases/assets/441736104"

[[tools.glab]]
version = "1.102.0"
backend = "gitlab:gitlab-org/cli"

[tools.glab."platforms.linux-arm64"]
checksum = "sha256:88fd09d2bcf5322b50daa7f692d2a1ee2ec3a153128ca278632e60aa0db74033"
url = "https://gitlab.com/gitlab-org/cli/-/releases/v1.102.0/downloads/glab_1.102.0_linux_arm64.tar.gz"
url_api = "https://gitlab.com/api/v4/projects/gitlab-org%2Fcli/packages/generic/glab/1%2E102%2E0/glab_1%2E102%2E0_linux_arm64%2Etar%2Egz"

[tools.glab."platforms.linux-arm64-musl"]
checksum = "sha256:88fd09d2bcf5322b50daa7f692d2a1ee2ec3a153128ca278632e60aa0db74033"
url = "https://gitlab.com/gitlab-org/cli/-/releases/v1.102.0/downloads/glab_1.102.0_linux_arm64.tar.gz"
url_api = "https://gitlab.com/api/v4/projects/gitlab-org%2Fcli/packages/generic/glab/1%2E102%2E0/glab_1%2E102%2E0_linux_arm64%2Etar%2Egz"

[tools.glab."platforms.linux-x64"]
checksum = "sha256:2e06f278bb1762126e9b695f67baf5e3210df431b2039c76c1991252bf9c0868"
url = "https://gitlab.com/gitlab-org/cli/-/releases/v1.102.0/downloads/glab_1.102.0_linux_amd64.tar.gz"
url_api = "https://gitlab.com/api/v4/projects/gitlab-org%2Fcli/packages/generic/glab/1%2E102%2E0/glab_1%2E102%2E0_linux_amd64%2Etar%2Egz"

[tools.glab."platforms.linux-x64-musl"]
checksum = "sha256:2e06f278bb1762126e9b695f67baf5e3210df431b2039c76c1991252bf9c0868"
url = "https://gitlab.com/gitlab-org/cli/-/releases/v1.102.0/downloads/glab_1.102.0_linux_amd64.tar.gz"
url_api = "https://gitlab.com/api/v4/projects/gitlab-org%2Fcli/packages/generic/glab/1%2E102%2E0/glab_1%2E102%2E0_linux_amd64%2Etar%2Egz"

[tools.glab."platforms.macos-arm64"]
checksum = "sha256:24638bda18b6f3b1433ea9909f71df3787866ef525f34aaf2c4a25c53f6ff651"
url = "https://gitlab.com/gitlab-org/cli/-/releases/v1.102.0/downloads/glab_1.102.0_darwin_arm64.tar.gz"
url_api = "https://gitlab.com/api/v4/projects/gitlab-org%2Fcli/packages/generic/glab/1%2E102%2E0/glab_1%2E102%2E0_darwin_arm64%2Etar%2Egz"

[tools.glab."platforms.macos-x64"]
checksum = "sha256:5744d5fdd19d6cdd8bc35052fbafdc284c8c4c34142e1e1ffa10cc68aa904fae"
url = "https://gitlab.com/gitlab-org/cli/-/releases/v1.102.0/downloads/glab_1.102.0_darwin_amd64.tar.gz"
url_api = "https://gitlab.com/api/v4/projects/gitlab-org%2Fcli/packages/generic/glab/1%2E102%2E0/glab_1%2E102%2E0_darwin_amd64%2Etar%2Egz"

[tools.glab."platforms.windows-x64"]
checksum = "sha256:7f9da143cd2b12fdcb6b3ee43934c95c858849c619587ee75f67987f2ba28366"
url = "https://gitlab.com/gitlab-org/cli/-/releases/v1.102.0/downloads/glab_1.102.0_windows_amd64.zip"
url_api = "https://gitlab.com/api/v4/projects/gitlab-org%2Fcli/packages/generic/glab/1%2E102%2E0/glab_1%2E102%2E0_windows_amd64%2Ezip"

[[tools.gradle]]
version = "9.5.1"
backend = "aqua:gradle/gradle"

[tools.gradle."platforms.linux-arm64"]
checksum = "sha256:bafc141b619ad6350fd975fc903156dd5c151998cc8b058e8c1044ab5f7b031f"
url = "https://github.com/gradle/gradle-distributions/releases/download/v9.5.1/gradle-9.5.1-bin.zip"

[tools.gradle."platforms.linux-arm64-musl"]
checksum = "sha256:bafc141b619ad6350fd975fc903156dd5c151998cc8b058e8c1044ab5f7b031f"
url = "https://github.com/gradle/gradle-distributions/releases/download/v9.5.1/gradle-9.5.1-bin.zip"

[tools.gradle."platforms.linux-x64"]
checksum = "sha256:bafc141b619ad6350fd975fc903156dd5c151998cc8b058e8c1044ab5f7b031f"
url = "https://github.com/gradle/gradle-distributions/releases/download/v9.5.1/gradle-9.5.1-bin.zip"

[tools.gradle."platforms.linux-x64-musl"]
checksum = "sha256:bafc141b619ad6350fd975fc903156dd5c151998cc8b058e8c1044ab5f7b031f"
url = "https://github.com/gradle/gradle-distributions/releases/download/v9.5.1/gradle-9.5.1-bin.zip"

[tools.gradle."platforms.macos-arm64"]
checksum = "sha256:bafc141b619ad6350fd975fc903156dd5c151998cc8b058e8c1044ab5f7b031f"
url = "https://github.com/gradle/gradle-distributions/releases/download/v9.5.1/gradle-9.5.1-bin.zip"

[tools.gradle."platforms.macos-x64"]
checksum = "sha256:bafc141b619ad6350fd975fc903156dd5c151998cc8b058e8c1044ab5f7b031f"
url = "https://github.com/gradle/gradle-distributions/releases/download/v9.5.1/gradle-9.5.1-bin.zip"

[tools.gradle."platforms.windows-x64"]
checksum = "sha256:bafc141b619ad6350fd975fc903156dd5c151998cc8b058e8c1044ab5f7b031f"
url = "https://github.com/gradle/gradle-distributions/releases/download/v9.5.1/gradle-9.5.1-bin.zip"

[[tools.helm]]
version = "4.2.0"
backend = "aqua:helm/helm"

[tools.helm."platforms.linux-arm64"]
checksum = "sha256:1f8de130dfbd04de64978e7b852a7a547be1404956a366608276d2520b678670"
url = "https://get.helm.sh/helm-v4.2.0-linux-arm64.tar.gz"

[tools.helm."platforms.linux-arm64-musl"]
checksum = "sha256:1f8de130dfbd04de64978e7b852a7a547be1404956a366608276d2520b678670"
url = "https://get.helm.sh/helm-v4.2.0-linux-arm64.tar.gz"

[tools.helm."platforms.linux-x64"]
checksum = "sha256:97dbeb971be4ac4b27e3839976d9564c0fb35c6f3b1da89dd1e292d236af4096"
url = "https://get.helm.sh/helm-v4.2.0-linux-amd64.tar.gz"

[tools.helm."platforms.linux-x64-musl"]
checksum = "sha256:97dbeb971be4ac4b27e3839976d9564c0fb35c6f3b1da89dd1e292d236af4096"
url = "https://get.helm.sh/helm-v4.2.0-linux-amd64.tar.gz"

[tools.helm."platforms.macos-arm64"]
checksum = "sha256:f13f959015447b6bc309f9fd506509926543988a39035c088b52522ec95e2acb"
url = "https://get.helm.sh/helm-v4.2.0-darwin-arm64.tar.gz"

[tools.helm."platforms.macos-x64"]
checksum = "sha256:1376ea697140e4db316736e760d5a47d12afc1524dce704476ef06fd7fdeddc6"
url = "https://get.helm.sh/helm-v4.2.0-darwin-amd64.tar.gz"

[tools.helm."platforms.windows-x64"]
checksum = "sha256:34bf9659f8f04f3841a60131183b8e2acc44e260db4c93b889ff09718cacca6f"
url = "https://get.helm.sh/helm-v4.2.0-windows-amd64.tar.gz"

[[tools.jwt]]
version = "6.2.0"
backend = "aqua:mike-engel/jwt-cli"

[tools.jwt."platforms.linux-x64"]
checksum = "sha256:bf5cb1f120842cbc4df003d6694e0951e93f47be78c03f8e747629bdfd0796df"
url = "https://github.com/mike-engel/jwt-cli/releases/download/6.2.0/jwt-linux-musl.tar.gz"

[tools.jwt."platforms.linux-x64-musl"]
checksum = "sha256:bf5cb1f120842cbc4df003d6694e0951e93f47be78c03f8e747629bdfd0796df"
url = "https://github.com/mike-engel/jwt-cli/releases/download/6.2.0/jwt-linux-musl.tar.gz"

[tools.jwt."platforms.macos-arm64"]
checksum = "sha256:c277a113e2fc89d44e70cf38786e7da8b0cbfe59e77e23b37033cc4e2bd8aad6"
url = "https://github.com/mike-engel/jwt-cli/releases/download/6.2.0/jwt-macOS.tar.gz"

[tools.jwt."platforms.macos-x64"]
checksum = "sha256:c277a113e2fc89d44e70cf38786e7da8b0cbfe59e77e23b37033cc4e2bd8aad6"
url = "https://github.com/mike-engel/jwt-cli/releases/download/6.2.0/jwt-macOS.tar.gz"

[tools.jwt."platforms.windows-x64"]
checksum = "sha256:f8dc93223cf7f778e1d8c2787832b4a5f70511ad0073424d27bbdb3f071ddd4f"
url = "https://github.com/mike-engel/jwt-cli/releases/download/6.2.0/jwt-windows.tar.gz"

[[tools.jwtui]]
version = "1.3.0"
backend = "github:jwt-rs/jwt-ui"

[tools.jwtui."platforms.linux-arm64"]
checksum = "sha256:e4566158009423c66b82803fbca795d954c0075f7dbdcb9ff43e82bf75b6744b"
url = "https://github.com/jwt-rs/jwt-ui/releases/download/v1.3.0/jwtui-linux.tar.gz"
url_api = "https://api.github.com/repos/jwt-rs/jwt-ui/releases/assets/211612502"

[tools.jwtui."platforms.linux-arm64-musl"]
checksum = "sha256:1db0c9937913a2c38edcdd94cfb2e1a0079609723240ee2e0255bd4a06e90c9c"
url = "https://github.com/jwt-rs/jwt-ui/releases/download/v1.3.0/jwtui-linux-musl.tar.gz"
url_api = "https://api.github.com/repos/jwt-rs/jwt-ui/releases/assets/211612512"

[tools.jwtui."platforms.linux-x64"]
checksum = "sha256:e4566158009423c66b82803fbca795d954c0075f7dbdcb9ff43e82bf75b6744b"
url = "https://github.com/jwt-rs/jwt-ui/releases/download/v1.3.0/jwtui-linux.tar.gz"
url_api = "https://api.github.com/repos/jwt-rs/jwt-ui/releases/assets/211612502"

[tools.jwtui."platforms.linux-x64-musl"]
checksum = "sha256:1db0c9937913a2c38edcdd94cfb2e1a0079609723240ee2e0255bd4a06e90c9c"
url = "https://github.com/jwt-rs/jwt-ui/releases/download/v1.3.0/jwtui-linux-musl.tar.gz"
url_api = "https://api.github.com/repos/jwt-rs/jwt-ui/releases/assets/211612512"

[tools.jwtui."platforms.macos-arm64"]
checksum = "sha256:bcaac446c5d2932914bfcc11054e2de2aff84c2c58b490b0192b2d58645381d1"
url = "https://github.com/jwt-rs/jwt-ui/releases/download/v1.3.0/jwtui-macos-arm64.tar.gz"
url_api = "https://api.github.com/repos/jwt-rs/jwt-ui/releases/assets/211612409"

[tools.jwtui."platforms.macos-x64"]
checksum = "sha256:635ffbb2808140e54fef3d35e21d15538b5258d7a6e32956c106114f2c4aa199"
url = "https://github.com/jwt-rs/jwt-ui/releases/download/v1.3.0/jwtui-macos.tar.gz"
url_api = "https://api.github.com/repos/jwt-rs/jwt-ui/releases/assets/211612437"

[tools.jwtui."platforms.windows-x64"]
checksum = "sha256:1e1c953277ed34cb3e62d1e4e8fbb42ba0f08b3261284fd55b4ecf89e169a764"
url = "https://github.com/jwt-rs/jwt-ui/releases/download/v1.3.0/jwtui-windows.tar.gz"
url_api = "https://api.github.com/repos/jwt-rs/jwt-ui/releases/assets/211612664"

[[tools.k0sctl]]
version = "0.30.1"
backend = "aqua:k0sproject/k0sctl"

[tools.k0sctl."platforms.linux-arm64"]
checksum = "sha256:39128f17ddfe3d317b457295c5cdae191d495daf2afc6784211b3437d4ccf9b2"
url = "https://github.com/k0sproject/k0sctl/releases/download/v0.30.1/k0sctl-linux-arm64"

[tools.k0sctl."platforms.linux-arm64-musl"]
checksum = "sha256:39128f17ddfe3d317b457295c5cdae191d495daf2afc6784211b3437d4ccf9b2"
url = "https://github.com/k0sproject/k0sctl/releases/download/v0.30.1/k0sctl-linux-arm64"

[tools.k0sctl."platforms.linux-x64"]
checksum = "sha256:dd16227ef351e3993d3d52630d132bcc86490d48990f06ff46580b4103dd6f13"
url = "https://github.com/k0sproject/k0sctl/releases/download/v0.30.1/k0sctl-linux-amd64"

[tools.k0sctl."platforms.linux-x64-musl"]
checksum = "sha256:dd16227ef351e3993d3d52630d132bcc86490d48990f06ff46580b4103dd6f13"
url = "https://github.com/k0sproject/k0sctl/releases/download/v0.30.1/k0sctl-linux-amd64"

[tools.k0sctl."platforms.macos-arm64"]
checksum = "sha256:dceb3efa4744b977dccc746f187e2f9c288d4bb017a65def184515d51f85c108"
url = "https://github.com/k0sproject/k0sctl/releases/download/v0.30.1/k0sctl-darwin-arm64"

[tools.k0sctl."platforms.macos-x64"]
checksum = "sha256:c66c42abd6caa2d483ece7e4ec1136cd954b6abaecebe6c3f392bba6142d2d95"
url = "https://github.com/k0sproject/k0sctl/releases/download/v0.30.1/k0sctl-darwin-amd64"

[tools.k0sctl."platforms.windows-x64"]
checksum = "sha256:ed2c5058e6371a892fe62a21f43a4be5f8715e5477a48cf99396e81283aad8a1"
url = "https://github.com/k0sproject/k0sctl/releases/download/v0.30.1/k0sctl-win-amd64.exe"

[[tools.k9s]]
version = "0.51.0"
backend = "aqua:derailed/k9s"

[tools.k9s."platforms.linux-arm64"]
checksum = "sha256:3ee05c82e5f9198928a4e86133608ba6a2c10a2244d6a7789e820f78319d640c"
url = "https://github.com/derailed/k9s/releases/download/v0.51.0/k9s_Linux_arm64.tar.gz"

[tools.k9s."platforms.linux-arm64-musl"]
checksum = "sha256:3ee05c82e5f9198928a4e86133608ba6a2c10a2244d6a7789e820f78319d640c"
url = "https://github.com/derailed/k9s/releases/download/v0.51.0/k9s_Linux_arm64.tar.gz"

[tools.k9s."platforms.linux-x64"]
checksum = "sha256:c3752ad51a5a4015a113819c4eeb6e55a4d0e4b8e652494797532f6fc8161dd7"
url = "https://github.com/derailed/k9s/releases/download/v0.51.0/k9s_Linux_amd64.tar.gz"

[tools.k9s."platforms.linux-x64-musl"]
checksum = "sha256:c3752ad51a5a4015a113819c4eeb6e55a4d0e4b8e652494797532f6fc8161dd7"
url = "https://github.com/derailed/k9s/releases/download/v0.51.0/k9s_Linux_amd64.tar.gz"

[tools.k9s."platforms.macos-arm64"]
checksum = "sha256:9b8c0e8f461e5d33aeee43a67f5ef4aff646a008a786887b8266cbb153c610cc"
url = "https://github.com/derailed/k9s/releases/download/v0.51.0/k9s_Darwin_arm64.tar.gz"

[tools.k9s."platforms.macos-x64"]
checksum = "sha256:7e8802c57c45a0cd389e8fc38472243fe4cf48d8ad5957e189ce370e19e5eda0"
url = "https://github.com/derailed/k9s/releases/download/v0.51.0/k9s_Darwin_amd64.tar.gz"

[tools.k9s."platforms.windows-x64"]
checksum = "sha256:bba299f1877913979831543a008f2e104995d2ea4ac8f23d7f49c0444857d973"
url = "https://github.com/derailed/k9s/releases/download/v0.51.0/k9s_Windows_amd64.zip"

[[tools.kubectl]]
version = "1.36.1"
backend = "aqua:kubernetes/kubernetes/kubectl"

[tools.kubectl."platforms.linux-arm64"]
checksum = "sha256:59f7ee8e477fae658447607dc3c8790ac17a1b016c01c622c12070e969e2d4e7"
url = "https://dl.k8s.io/v1.36.1/bin/linux/arm64/kubectl"

[tools.kubectl."platforms.linux-arm64-musl"]
checksum = "sha256:59f7ee8e477fae658447607dc3c8790ac17a1b016c01c622c12070e969e2d4e7"
url = "https://dl.k8s.io/v1.36.1/bin/linux/arm64/kubectl"

[tools.kubectl."platforms.linux-x64"]
checksum = "sha256:629d3f410e09bf49b64ae7079f7f0bda1191efed311f7d37fdbab0ad5b0ec2b7"
url = "https://dl.k8s.io/v1.36.1/bin/linux/amd64/kubectl"

[tools.kubectl."platforms.linux-x64-musl"]
checksum = "sha256:629d3f410e09bf49b64ae7079f7f0bda1191efed311f7d37fdbab0ad5b0ec2b7"
url = "https://dl.k8s.io/v1.36.1/bin/linux/amd64/kubectl"

[tools.kubectl."platforms.macos-arm64"]
checksum = "sha256:9092778abaef3079449da4cd70ded0e4be112480c93efcdeace3155968d1d133"
url = "https://dl.k8s.io/v1.36.1/bin/darwin/arm64/kubectl"

[tools.kubectl."platforms.macos-x64"]
checksum = "sha256:b4973e90ebb00537d735b63d6f8293c1959156e6ff435f6a43c08aeaa1a2e7d7"
url = "https://dl.k8s.io/v1.36.1/bin/darwin/amd64/kubectl"

[tools.kubectl."platforms.windows-x64"]
checksum = "sha256:538f4229eee91a17b34724da7daade7687393d6988e33b723c6c306572c13900"
url = "https://dl.k8s.io/v1.36.1/bin/windows/amd64/kubectl.exe"

[[tools.lazygit]]
version = "0.62.2"
backend = "aqua:jesseduffield/lazygit"

[tools.lazygit."platforms.linux-arm64"]
checksum = "sha256:9ab63dd75a7e9711c4c68a37d77f4334b8099a5d6a3f8fbe8f4e2768b159c9e9"
url = "https://github.com/jesseduffield/lazygit/releases/download/v0.62.2/lazygit_0.62.2_linux_arm64.tar.gz"

[tools.lazygit."platforms.linux-arm64-musl"]
checksum = "sha256:9ab63dd75a7e9711c4c68a37d77f4334b8099a5d6a3f8fbe8f4e2768b159c9e9"
url = "https://github.com/jesseduffield/lazygit/releases/download/v0.62.2/lazygit_0.62.2_linux_arm64.tar.gz"

[tools.lazygit."platforms.linux-x64"]
checksum = "sha256:8b9a4c2d0969cbea92b45c956dd2a44e1ba76900c9df49f1c60984045ce77984"
url = "https://github.com/jesseduffield/lazygit/releases/download/v0.62.2/lazygit_0.62.2_linux_x86_64.tar.gz"

[tools.lazygit."platforms.linux-x64-musl"]
checksum = "sha256:8b9a4c2d0969cbea92b45c956dd2a44e1ba76900c9df49f1c60984045ce77984"
url = "https://github.com/jesseduffield/lazygit/releases/download/v0.62.2/lazygit_0.62.2_linux_x86_64.tar.gz"

[tools.lazygit."platforms.macos-arm64"]
checksum = "sha256:f311d96b666b4865760e39f3967edfd7bf30b5d09e52a1bc7ae511f6bdfdd02c"
url = "https://github.com/jesseduffield/lazygit/releases/download/v0.62.2/lazygit_0.62.2_darwin_arm64.tar.gz"

[tools.lazygit."platforms.macos-x64"]
checksum = "sha256:21c276a94f8ddb55d8336df60d69a5b7509e7434024445b4d51d2a11bd6c76b6"
url = "https://github.com/jesseduffield/lazygit/releases/download/v0.62.2/lazygit_0.62.2_darwin_x86_64.tar.gz"

[tools.lazygit."platforms.windows-x64"]
checksum = "sha256:805bfcb2445273b77a32b7758dfb5d2d8dbd7b80b7336ab868935584a2fad0ba"
url = "https://github.com/jesseduffield/lazygit/releases/download/v0.62.2/lazygit_0.62.2_windows_x86_64.zip"

[[tools.mark]]
version = "16.4.0"
backend = "github:kovetskiy/mark"

[tools.mark."platforms.linux-arm64"]
checksum = "sha256:ad8af8896e9a76b8ae73d8981c556087eeba534f1381802c71963d93f4e9e5c0"
url = "https://github.com/kovetskiy/mark/releases/download/v16.4.0/mark_Linux_arm64.tar.gz"
url_api = "https://api.github.com/repos/kovetskiy/mark/releases/assets/423251511"

[tools.mark."platforms.linux-arm64-musl"]
checksum = "sha256:ad8af8896e9a76b8ae73d8981c556087eeba534f1381802c71963d93f4e9e5c0"
url = "https://github.com/kovetskiy/mark/releases/download/v16.4.0/mark_Linux_arm64.tar.gz"
url_api = "https://api.github.com/repos/kovetskiy/mark/releases/assets/423251511"

[tools.mark."platforms.linux-x64"]
checksum = "sha256:e66a99199006ad3e2011d15f53aa903d75a865c8c6298eaa7ccb793109a6f191"
url = "https://github.com/kovetskiy/mark/releases/download/v16.4.0/mark_Linux_x86_64.tar.gz"
url_api = "https://api.github.com/repos/kovetskiy/mark/releases/assets/423251510"

[tools.mark."platforms.linux-x64-musl"]
checksum = "sha256:e66a99199006ad3e2011d15f53aa903d75a865c8c6298eaa7ccb793109a6f191"
url = "https://github.com/kovetskiy/mark/releases/download/v16.4.0/mark_Linux_x86_64.tar.gz"
url_api = "https://api.github.com/repos/kovetskiy/mark/releases/assets/423251510"

[tools.mark."platforms.macos-arm64"]
checksum = "sha256:1da4e1962df93a0fa4e2862c81a26d4d5e3c1e6acac29e27bff6ab594778d307"
url = "https://github.com/kovetskiy/mark/releases/download/v16.4.0/mark_Darwin_arm64.tar.gz"
url_api = "https://api.github.com/repos/kovetskiy/mark/releases/assets/423251512"

[tools.mark."platforms.macos-x64"]
checksum = "sha256:5c62a03d61cf4ce1be94c1d49b7d60e257a9d7b23427b3b12d998521bf398ee5"
url = "https://github.com/kovetskiy/mark/releases/download/v16.4.0/mark_Darwin_x86_64.tar.gz"
url_api = "https://api.github.com/repos/kovetskiy/mark/releases/assets/423251509"

[[tools.minikube]]
version = "1.38.1"
backend = "aqua:kubernetes/minikube"

[tools.minikube."platforms.linux-arm64"]
checksum = "sha256:a0b8a1ebfc8c07a247271d8df98ac0ddd7c8c855b601d402463e2e50c08c6bab"
url = "https://github.com/kubernetes/minikube/releases/download/v1.38.1/minikube-linux-arm64"

[tools.minikube."platforms.linux-arm64-musl"]
checksum = "sha256:a0b8a1ebfc8c07a247271d8df98ac0ddd7c8c855b601d402463e2e50c08c6bab"
url = "https://github.com/kubernetes/minikube/releases/download/v1.38.1/minikube-linux-arm64"

[tools.minikube."platforms.linux-x64"]
checksum = "sha256:099477eaf248bcb5bcea8ce78a2898e93ac01461c35189da1848c3de82ecd22e"
url = "https://github.com/kubernetes/minikube/releases/download/v1.38.1/minikube-linux-amd64"

[tools.minikube."platforms.linux-x64-musl"]
checksum = "sha256:099477eaf248bcb5bcea8ce78a2898e93ac01461c35189da1848c3de82ecd22e"
url = "https://github.com/kubernetes/minikube/releases/download/v1.38.1/minikube-linux-amd64"

[tools.minikube."platforms.macos-arm64"]
checksum = "sha256:f9b0c70bb7daf38c683c0b6e46dc1b612600247ae826bf74576807746a919ee8"
url = "https://github.com/kubernetes/minikube/releases/download/v1.38.1/minikube-darwin-arm64"

[tools.minikube."platforms.macos-x64"]
checksum = "sha256:db11dffba835609988e4e98c3a91a38653ce66ddfa8ea3aaea92d87c54a0a348"
url = "https://github.com/kubernetes/minikube/releases/download/v1.38.1/minikube-darwin-amd64"

[tools.minikube."platforms.windows-x64"]
checksum = "sha256:04215bec5632a976b48eb632856b50f1eaaa183b9c2a5904e11d1bacc4961ff7"
url = "https://github.com/kubernetes/minikube/releases/download/v1.38.1/minikube-windows-amd64.exe"

[[tools.neovim]]
version = "0.12.2"
backend = "vfox:mise-plugins/vfox-neovim"

[tools.neovim."platforms.linux-arm64"]
url = "https://github.com/neovim/neovim/releases/download/v0.12.2/nvim-linux-arm64.tar.gz"

[tools.neovim."platforms.linux-arm64-musl"]
url = "https://github.com/neovim/neovim/releases/download/v0.12.2/nvim-linux-arm64.tar.gz"

[tools.neovim."platforms.linux-x64"]
url = "https://github.com/neovim/neovim/releases/download/v0.12.2/nvim-linux-x86_64.tar.gz"

[tools.neovim."platforms.linux-x64-musl"]
url = "https://github.com/neovim/neovim/releases/download/v0.12.2/nvim-linux-x86_64.tar.gz"

[tools.neovim."platforms.macos-arm64"]
url = "https://github.com/neovim/neovim/releases/download/v0.12.2/nvim-macos-arm64.tar.gz"

[tools.neovim."platforms.macos-x64"]
url = "https://github.com/neovim/neovim/releases/download/v0.12.2/nvim-macos-x86_64.tar.gz"

[tools.neovim."platforms.windows-x64"]
url = "https://github.com/neovim/neovim/releases/download/v0.12.2/nvim-win64.zip"

[[tools.prek]]
version = "0.4.4"
backend = "aqua:j178/prek"

[tools.prek."platforms.linux-arm64"]
checksum = "sha256:b38ea178e3f73a7a767edde47a091faac2814d93ba7faa590cba8d19d0fdc76a"
url = "https://github.com/j178/prek/releases/download/v0.4.4/prek-aarch64-unknown-linux-musl.tar.gz"
provenance = "github-attestations"

[tools.prek."platforms.linux-arm64-musl"]
checksum = "sha256:b38ea178e3f73a7a767edde47a091faac2814d93ba7faa590cba8d19d0fdc76a"
url = "https://github.com/j178/prek/releases/download/v0.4.4/prek-aarch64-unknown-linux-musl.tar.gz"
provenance = "github-attestations"

[tools.prek."platforms.linux-x64"]
checksum = "sha256:4a0aa963c6468ebcd4734ee7d763e8c1223bfb9bdabcb4528a7afac6b0147e12"
url = "https://github.com/j178/prek/releases/download/v0.4.4/prek-x86_64-unknown-linux-musl.tar.gz"
provenance = "github-attestations"

[tools.prek."platforms.linux-x64-musl"]
checksum = "sha256:4a0aa963c6468ebcd4734ee7d763e8c1223bfb9bdabcb4528a7afac6b0147e12"
url = "https://github.com/j178/prek/releases/download/v0.4.4/prek-x86_64-unknown-linux-musl.tar.gz"
provenance = "github-attestations"

[tools.prek."platforms.macos-arm64"]
checksum = "sha256:d3d74f96bbb9fe88d14bdb3119501f8f39602b885e19f57c6567791599afd231"
url = "https://github.com/j178/prek/releases/download/v0.4.4/prek-aarch64-apple-darwin.tar.gz"
provenance = "github-attestations"

[tools.prek."platforms.macos-x64"]
checksum = "sha256:960809f1b7541210e4182fb5408b2de5394ef4a490f8de51bc19724e4c0df227"
url = "https://github.com/j178/prek/releases/download/v0.4.4/prek-x86_64-apple-darwin.tar.gz"
provenance = "github-attestations"

[tools.prek."platforms.windows-x64"]
checksum = "sha256:c6b503e858a7ba17df47618d1c5b0331132b70bcc2a35704e5f422d21c433abe"
url = "https://github.com/j178/prek/releases/download/v0.4.4/prek-x86_64-pc-windows-msvc.zip"
provenance = "github-attestations"

[[tools.ripgrep]]
version = "15.1.0"
backend = "aqua:BurntSushi/ripgrep"

[tools.ripgrep."platforms.linux-arm64"]
checksum = "sha256:2b661c6ef508e902f388e9098d9c4c5aca72c87b55922d94abdba830b4dc885e"
url = "https://github.com/BurntSushi/ripgrep/releases/download/15.1.0/ripgrep-15.1.0-aarch64-unknown-linux-gnu.tar.gz"

[tools.ripgrep."platforms.linux-x64"]
checksum = "sha256:1c9297be4a084eea7ecaedf93eb03d058d6faae29bbc57ecdaf5063921491599"
url = "https://github.com/BurntSushi/ripgrep/releases/download/15.1.0/ripgrep-15.1.0-x86_64-unknown-linux-musl.tar.gz"

[tools.ripgrep."platforms.linux-x64-musl"]
checksum = "sha256:1c9297be4a084eea7ecaedf93eb03d058d6faae29bbc57ecdaf5063921491599"
url = "https://github.com/BurntSushi/ripgrep/releases/download/15.1.0/ripgrep-15.1.0-x86_64-unknown-linux-musl.tar.gz"

[tools.ripgrep."platforms.macos-arm64"]
checksum = "sha256:378e973289176ca0c6054054ee7f631a065874a352bf43f0fa60ef079b6ba715"
url = "https://github.com/BurntSushi/ripgrep/releases/download/15.1.0/ripgrep-15.1.0-aarch64-apple-darwin.tar.gz"

[tools.ripgrep."platforms.macos-x64"]
checksum = "sha256:64811cb24e77cac3057d6c40b63ac9becf9082eedd54ca411b475b755d334882"
url = "https://github.com/BurntSushi/ripgrep/releases/download/15.1.0/ripgrep-15.1.0-x86_64-apple-darwin.tar.gz"

[tools.ripgrep."platforms.windows-x64"]
checksum = "sha256:124510b94b6baa3380d051fdf4650eaa80a302c876d611e9dba0b2e18d87493a"
url = "https://github.com/BurntSushi/ripgrep/releases/download/15.1.0/ripgrep-15.1.0-x86_64-pc-windows-msvc.zip"

[[tools.ttyd]]
version = "1.7.7"
backend = "aqua:tsl0922/ttyd"

[tools.ttyd."platforms.linux-arm64"]
url = "https://github.com/tsl0922/ttyd/releases/download/1.7.7/ttyd.aarch64"

[tools.ttyd."platforms.linux-arm64-musl"]
url = "https://github.com/tsl0922/ttyd/releases/download/1.7.7/ttyd.aarch64"

[tools.ttyd."platforms.linux-x64"]
url = "https://github.com/tsl0922/ttyd/releases/download/1.7.7/ttyd.x86_64"

[tools.ttyd."platforms.linux-x64-musl"]
url = "https://github.com/tsl0922/ttyd/releases/download/1.7.7/ttyd.x86_64"

[tools.ttyd."platforms.windows-x64"]
url = "https://github.com/tsl0922/ttyd/releases/download/1.7.7/ttyd.win32.exe"

[[tools.vhs]]
version = "0.11.0"
backend = "aqua:charmbracelet/vhs"

[tools.vhs."platforms.linux-arm64"]
checksum = "sha256:af782cddbf844a377df6ea41c0e72339393fa021be3f6cb70a2f47d48675d92b"
url = "https://github.com/charmbracelet/vhs/releases/download/v0.11.0/vhs_0.11.0_Linux_arm64.tar.gz"

[tools.vhs."platforms.linux-arm64-musl"]
checksum = "sha256:af782cddbf844a377df6ea41c0e72339393fa021be3f6cb70a2f47d48675d92b"
url = "https://github.com/charmbracelet/vhs/releases/download/v0.11.0/vhs_0.11.0_Linux_arm64.tar.gz"

[tools.vhs."platforms.linux-x64"]
checksum = "sha256:99cb634587eaae0473c1ea377db80c3a048c27f99fe0a7febb1a1e8cb7ee5009"
url = "https://github.com/charmbracelet/vhs/releases/download/v0.11.0/vhs_0.11.0_Linux_x86_64.tar.gz"

[tools.vhs."platforms.linux-x64-musl"]
checksum = "sha256:99cb634587eaae0473c1ea377db80c3a048c27f99fe0a7febb1a1e8cb7ee5009"
url = "https://github.com/charmbracelet/vhs/releases/download/v0.11.0/vhs_0.11.0_Linux_x86_64.tar.gz"

[tools.vhs."platforms.macos-arm64"]
checksum = "sha256:eec91ee450ba50b6d4fce2800593b2ac5fdd88a73056367d2c3b870ee44de3f7"
url = "https://github.com/charmbracelet/vhs/releases/download/v0.11.0/vhs_0.11.0_Darwin_arm64.tar.gz"

[tools.vhs."platforms.macos-x64"]
checksum = "sha256:dd5c86c1cec1cf9ebd5ac6cf8119efcb731f055bbe7c7010408c741ee7770f64"
url = "https://github.com/charmbracelet/vhs/releases/download/v0.11.0/vhs_0.11.0_Darwin_x86_64.tar.gz"

[tools.vhs."platforms.windows-x64"]
checksum = "sha256:e3d87403b25e1e88addec6548bdbfdbee772a5c313c9f6f96c495b8e163f18ba"
url = "https://github.com/charmbracelet/vhs/releases/download/v0.11.0/vhs_0.11.0_Windows_x86_64.zip"

[[tools.zellij]]
version = "0.44.3"
backend = "aqua:zellij-org/zellij"

[tools.zellij."platforms.linux-arm64"]
checksum = "sha256:15e6534d42644d66973d136c590c49739dcfd6a1a2a0d3d917973f16c81b45fb"
url = "https://github.com/zellij-org/zellij/releases/download/v0.44.3/zellij-aarch64-unknown-linux-musl.tar.gz"

[tools.zellij."platforms.linux-arm64-musl"]
checksum = "sha256:15e6534d42644d66973d136c590c49739dcfd6a1a2a0d3d917973f16c81b45fb"
url = "https://github.com/zellij-org/zellij/releases/download/v0.44.3/zellij-aarch64-unknown-linux-musl.tar.gz"

[tools.zellij."platforms.linux-x64"]
checksum = "sha256:0f7c346788627f506c0a28296517768633cff24fc822a739f8264b640ecad751"
url = "https://github.com/zellij-org/zellij/releases/download/v0.44.3/zellij-x86_64-unknown-linux-musl.tar.gz"

[tools.zellij."platforms.linux-x64-musl"]
checksum = "sha256:0f7c346788627f506c0a28296517768633cff24fc822a739f8264b640ecad751"
url = "https://github.com/zellij-org/zellij/releases/download/v0.44.3/zellij-x86_64-unknown-linux-musl.tar.gz"

[tools.zellij."platforms.macos-arm64"]
checksum = "sha256:b6acf83a7739cf5f0f4e9bd47709642d4d98acbbf8c34d4a12c6e706f531da61"
url = "https://github.com/zellij-org/zellij/releases/download/v0.44.3/zellij-aarch64-apple-darwin.tar.gz"

[tools.zellij."platforms.macos-x64"]
checksum = "sha256:59f803faa32cd4e5f316f0dc2d3b7a5530a72553e38ad939286471848a418eeb"
url = "https://github.com/zellij-org/zellij/releases/download/v0.44.3/zellij-x86_64-apple-darwin.tar.gz"

[tools.zellij."platforms.windows-x64"]
checksum = "sha256:45f25febb588d36f499232b3ba80a9edcde3b3a2a85bebb105a82457b0ca6aef"
url = "https://github.com/zellij-org/zellij/releases/download/v0.44.3/zellij-x86_64-pc-windows-msvc.zip"

[[tools.zoxide]]
version = "0.9.9"
backend = "aqua:ajeetdsouza/zoxide"

[tools.zoxide."platforms.linux-arm64"]
checksum = "sha256:96e6ea2e47a71db42cb7ad5a36e9209c8cb3708f8ae00f6945573d0d93315cb0"
url = "https://github.com/ajeetdsouza/zoxide/releases/download/v0.9.9/zoxide-0.9.9-aarch64-unknown-linux-musl.tar.gz"

[tools.zoxide."platforms.linux-arm64-musl"]
checksum = "sha256:96e6ea2e47a71db42cb7ad5a36e9209c8cb3708f8ae00f6945573d0d93315cb0"
url = "https://github.com/ajeetdsouza/zoxide/releases/download/v0.9.9/zoxide-0.9.9-aarch64-unknown-linux-musl.tar.gz"

[tools.zoxide."platforms.linux-x64"]
checksum = "sha256:4ff057d3c4d957946937274c2b8be7af2a9bbae7f90a1b5e9baaa7cb65a20caa"
url = "https://github.com/ajeetdsouza/zoxide/releases/download/v0.9.9/zoxide-0.9.9-x86_64-unknown-linux-musl.tar.gz"

[tools.zoxide."platforms.linux-x64-musl"]
checksum = "sha256:4ff057d3c4d957946937274c2b8be7af2a9bbae7f90a1b5e9baaa7cb65a20caa"
url = "https://github.com/ajeetdsouza/zoxide/releases/download/v0.9.9/zoxide-0.9.9-x86_64-unknown-linux-musl.tar.gz"

[tools.zoxide."platforms.macos-arm64"]
checksum = "sha256:57e733d0436309dae2ed97e46bba43937209395298e1d88812d4e893900cb40a"
url = "https://github.com/ajeetdsouza/zoxide/releases/download/v0.9.9/zoxide-0.9.9-aarch64-apple-darwin.tar.gz"

[tools.zoxide."platforms.macos-x64"]
checksum = "sha256:364249cff18354397c72ebb6b8f7358404c051c486e0f2f7a46e36c86c16f8c7"
url = "https://github.com/ajeetdsouza/zoxide/releases/download/v0.9.9/zoxide-0.9.9-x86_64-apple-darwin.tar.gz"

[tools.zoxide."platforms.windows-x64"]
checksum = "sha256:5af00d0916f05631e3030537289eac56605e7c1733318c4d525c8e847f12496d"
url = "https://github.com/ajeetdsouza/zoxide/releases/download/v0.9.9/zoxide-0.9.9-x86_64-pc-windows-msvc.zip"
